# THIS IS AN AUTOGENERATED FILE. DO NOT EDIT THIS FILE DIRECTLY.
# yarn lockfile v1


"bootstrap@^5.2.3":
  "integrity" "sha512-cEKPM+fwb3cT8NzQZYEu4HilJ3anCrWqh3CHAok1p9jXqMPsPTBhU25fBckEJHJ/p+tTxTFTsFQGM+gaHpi3QQ=="
  "resolved" "https://registry.npmjs.org/bootstrap/-/bootstrap-5.2.3.tgz"
  "version" "5.2.3"

"jquery@^3.6.4":
  "integrity" "sha512-v28EW9DWDFpzcD9O5iyJXg3R3+q+mET5JhnjJzQUZMHOv67bpSIHq81GEYpPNZHG+XXHsfSme3nxp/hndKEcsQ=="
  "resolved" "https://registry.npmjs.org/jquery/-/jquery-3.6.4.tgz"
  "version" "3.6.4"

"notify-js-legacy@^0.4.1":
  "integrity" "sha512-v9tUdioFeizt2Y+wD9Vg4MWN8zbX5BTLfjHMO9UBKKLODZSsfnlV+MWONWVldB6sXqvg3AbaYB407WxnmYZk/g=="
  "resolved" "https://registry.npmjs.org/notify-js-legacy/-/notify-js-legacy-0.4.1.tgz"
  "version" "0.4.1"

"nvm@^0.0.4":
  "integrity" "sha512-jvmyELykYcdyd0VCGY0E8Aqe5MngEasVvlPvrcJHbwBMUbVqa72mPdQuPzyTcykEtEx7jDrMY0QA5MoV+8EhgA=="
  "resolved" "https://registry.npmjs.org/nvm/-/nvm-0.0.4.tgz"
  "version" "0.0.4"

"popper.js@^1.16.1":
  "integrity" "sha512-Wb4p1J4zyFTbM+u6WuO4XstYx4Ky9Cewe4DWrel7B0w6VVICvPwdOpotjzcf6eD8TsckVnIMNONQyPIUFOUbCQ=="
  "resolved" "https://registry.npmjs.org/popper.js/-/popper.js-1.16.1.tgz"
  "version" "1.16.1"
